# This file is automatically @generated by Cargo.
# It is not intended for manual editing.
[[package]]
name = "bitreader"
version = "0.3.2"
source = "registry+https://github.com/rust-lang/crates.io-index"
dependencies = [
 "cfg-if 0.1.10 (registry+https://github.com/rust-lang/crates.io-index)",
]

[[package]]
name = "cfg-if"
version = "0.1.10"
source = "registry+https://github.com/rust-lang/crates.io-index"

[[package]]
name = "coffea"
version = "0.1.0"
dependencies = [
 "bitreader 0.3.2 (registry+https://github.com/rust-lang/crates.io-index)",
]

[metadata]
"checksum bitreader 0.3.2 (registry+https://github.com/rust-lang/crates.io-index)" = "5fa7f0adf37cd5472c978a1ff4be89c1880a923d10df4cfef6a10855a666e09b"
"checksum cfg-if 0.1.10 (registry+https://github.com/rust-lang/crates.io-index)" = "4785bdd1c96b2a846b2bd7cc02e86b6b3dbf14e7e53446c4f54c92a361040822"
